// !$*UTF8*$!
{
	archiveVersion = 1;
	classes = {
	};
	objectVersion = 56;
	objects = {

/* Begin PBXBuildFile section */
		53612AAB2BCD0F0000299209 /* Kingfisher in Frameworks */ = {isa = PBXBuildFile; productRef = 53612AAA2BCD0F0000299209 /* Kingfisher */; };
		53886B3F2BC5028400E64790 /* OneCoinApp.swift in Sources */ = {isa = PBXBuildFile; fileRef = 53886B3E2BC5028400E64790 /* OneCoinApp.swift */; };
		53886B432BC5028600E64790 /* Assets.xcassets in Resources */ = {isa = PBXBuildFile; fileRef = 53886B422BC5028600E64790 /* Assets.xcassets */; };
		53886B462BC5028600E64790 /* Preview Assets.xcassets in Resources */ = {isa = PBXBuildFile; fileRef = 53886B452BC5028600E64790 /* Preview Assets.xcassets */; };
		53886B4F2BC5037F00E64790 /* Market.swift in Sources */ = {isa = PBXBuildFile; fileRef = 53886B4E2BC5037F00E64790 /* Market.swift */; };
		53886B532BC5047F00E64790 /* Ticker.swift in Sources */ = {isa = PBXBuildFile; fileRef = 53886B522BC5047F00E64790 /* Ticker.swift */; };
		53886B552BC5049B00E64790 /* UpbitAPIManager.swift in Sources */ = {isa = PBXBuildFile; fileRef = 53886B542BC5049B00E64790 /* UpbitAPIManager.swift */; };
		53886B572BC5051000E64790 /* UpbitWebSocketManager.swift in Sources */ = {isa = PBXBuildFile; fileRef = 53886B562BC5051000E64790 /* UpbitWebSocketManager.swift */; };
		53886B592BC5052A00E64790 /* MarketTicker.swift in Sources */ = {isa = PBXBuildFile; fileRef = 53886B582BC5052A00E64790 /* MarketTicker.swift */; };
		53886B5C2BC5057800E64790 /* MainTabView.swift in Sources */ = {isa = PBXBuildFile; fileRef = 53886B5B2BC5057800E64790 /* MainTabView.swift */; };
		53886B5F2BC5059700E64790 /* MarketView.swift in Sources */ = {isa = PBXBuildFile; fileRef = 53886B5E2BC5059700E64790 /* MarketView.swift */; };
		53886B612BC505AB00E64790 /* MarketRow.swift in Sources */ = {isa = PBXBuildFile; fileRef = 53886B602BC505AB00E64790 /* MarketRow.swift */; };
		53886B662BC505F300E64790 /* MarketViewModel.swift in Sources */ = {isa = PBXBuildFile; fileRef = 53886B652BC505F300E64790 /* MarketViewModel.swift */; };
		53886B692BC5063200E64790 /* MarketDetailView.swift in Sources */ = {isa = PBXBuildFile; fileRef = 53886B682BC5063200E64790 /* MarketDetailView.swift */; };
		53886B712BC5314D00E64790 /* MarketDetailViewModel.swift in Sources */ = {isa = PBXBuildFile; fileRef = 53886B702BC5314D00E64790 /* MarketDetailViewModel.swift */; };
		53886B732BC536E900E64790 /* Candle.swift in Sources */ = {isa = PBXBuildFile; fileRef = 53886B722BC536E900E64790 /* Candle.swift */; };
		53886B762BC5490000E64790 /* String + DateFormatter.swift in Sources */ = {isa = PBXBuildFile; fileRef = 53886B752BC5490000E64790 /* String + DateFormatter.swift */; };
		53886B782BC65B2900E64790 /* Double + PriceFormatter.swift in Sources */ = {isa = PBXBuildFile; fileRef = 53886B772BC65B2900E64790 /* Double + PriceFormatter.swift */; };
		53886B7A2BC67ED300E64790 /* String + FontColor.swift in Sources */ = {isa = PBXBuildFile; fileRef = 53886B792BC67ED300E64790 /* String + FontColor.swift */; };
		53886B842BC8B9BA00E64790 /* ChartView.swift in Sources */ = {isa = PBXBuildFile; fileRef = 53886B832BC8B9BA00E64790 /* ChartView.swift */; };
		53886B872BC8E5E900E64790 /* LikeView.swift in Sources */ = {isa = PBXBuildFile; fileRef = 53886B862BC8E5E900E64790 /* LikeView.swift */; };
		53886B892BC8EB2700E64790 /* LikedMarketView.swift in Sources */ = {isa = PBXBuildFile; fileRef = 53886B882BC8EB2700E64790 /* LikedMarketView.swift */; };
		53886B8B2BC8F64100E64790 /* LikeViewModel.swift in Sources */ = {isa = PBXBuildFile; fileRef = 53886B8A2BC8F64100E64790 /* LikeViewModel.swift */; };
		53886B962BC9019C00E64790 /* LikedCoinModel.xcdatamodeld in Sources */ = {isa = PBXBuildFile; fileRef = 53886B942BC9019C00E64790 /* LikedCoinModel.xcdatamodeld */; };
		53886B9C2BC905A300E64790 /* CoreDataStack.swift in Sources */ = {isa = PBXBuildFile; fileRef = 53886B9B2BC905A300E64790 /* CoreDataStack.swift */; };
		53F5D2BE2BCBDCAC002102D2 /* OrderbookView.swift in Sources */ = {isa = PBXBuildFile; fileRef = 53F5D2BD2BCBDCAC002102D2 /* OrderbookView.swift */; };
		53F5D2C02BCCF81F002102D2 /* Orderbook.swift in Sources */ = {isa = PBXBuildFile; fileRef = 53F5D2BF2BCCF81F002102D2 /* Orderbook.swift */; };
/* End PBXBuildFile section */

/* Begin PBXFileReference section */
		53886B3B2BC5028400E64790 /* OneCoin.app */ = {isa = PBXFileReference; explicitFileType = wrapper.application; includeInIndex = 0; path = OneCoin.app; sourceTree = BUILT_PRODUCTS_DIR; };
		53886B3E2BC5028400E64790 /* OneCoinApp.swift */ = {isa = PBXFileReference; lastKnownFileType = sourcecode.swift; path = OneCoinApp.swift; sourceTree = "<group>"; };
		53886B422BC5028600E64790 /* Assets.xcassets */ = {isa = PBXFileReference; lastKnownFileType = folder.assetcatalog; path = Assets.xcassets; sourceTree = "<group>"; };
		53886B452BC5028600E64790 /* Preview Assets.xcassets */ = {isa = PBXFileReference; lastKnownFileType = folder.assetcatalog; path = "Preview Assets.xcassets"; sourceTree = "<group>"; };
		53886B4E2BC5037F00E64790 /* Market.swift */ = {isa = PBXFileReference; lastKnownFileType = sourcecode.swift; path = Market.swift; sourceTree = "<group>"; };
		53886B522BC5047F00E64790 /* Ticker.swift */ = {isa = PBXFileReference; lastKnownFileType = sourcecode.swift; path = Ticker.swift; sourceTree = "<group>"; };
		53886B542BC5049B00E64790 /* UpbitAPIManager.swift */ = {isa = PBXFileReference; lastKnownFileType = sourcecode.swift; path = UpbitAPIManager.swift; sourceTree = "<group>"; };
		53886B562BC5051000E64790 /* UpbitWebSocketManager.swift */ = {isa = PBXFileReference; lastKnownFileType = sourcecode.swift; path = UpbitWebSocketManager.swift; sourceTree = "<group>"; };
		53886B582BC5052A00E64790 /* MarketTicker.swift */ = {isa = PBXFileReference; lastKnownFileType = sourcecode.swift; path = MarketTicker.swift; sourceTree = "<group>"; };
		53886B5B2BC5057800E64790 /* MainTabView.swift */ = {isa = PBXFileReference; lastKnownFileType = sourcecode.swift; path = MainTabView.swift; sourceTree = "<group>"; };
		53886B5E2BC5059700E64790 /* MarketView.swift */ = {isa = PBXFileReference; lastKnownFileType = sourcecode.swift; path = MarketView.swift; sourceTree = "<group>"; };
		53886B602BC505AB00E64790 /* MarketRow.swift */ = {isa = PBXFileReference; lastKnownFileType = sourcecode.swift; path = MarketRow.swift; sourceTree = "<group>"; };
		53886B652BC505F300E64790 /* MarketViewModel.swift */ = {isa = PBXFileReference; lastKnownFileType = sourcecode.swift; path = MarketViewModel.swift; sourceTree = "<group>"; };
		53886B682BC5063200E64790 /* MarketDetailView.swift */ = {isa = PBXFileReference; lastKnownFileType = sourcecode.swift; path = MarketDetailView.swift; sourceTree = "<group>"; };
		53886B702BC5314D00E64790 /* MarketDetailViewModel.swift */ = {isa = PBXFileReference; lastKnownFileType = sourcecode.swift; path = MarketDetailViewModel.swift; sourceTree = "<group>"; };
		53886B722BC536E900E64790 /* Candle.swift */ = {isa = PBXFileReference; lastKnownFileType = sourcecode.swift; path = Candle.swift; sourceTree = "<group>"; };
		53886B752BC5490000E64790 /* String + DateFormatter.swift */ = {isa = PBXFileReference; lastKnownFileType = sourcecode.swift; path = "String + DateFormatter.swift"; sourceTree = "<group>"; };
		53886B772BC65B2900E64790 /* Double + PriceFormatter.swift */ = {isa = PBXFileReference; lastKnownFileType = sourcecode.swift; path = "Double + PriceFormatter.swift"; sourceTree = "<group>"; };
		53886B792BC67ED300E64790 /* String + FontColor.swift */ = {isa = PBXFileReference; lastKnownFileType = sourcecode.swift; path = "String + FontColor.swift"; sourceTree = "<group>"; };
		53886B832BC8B9BA00E64790 /* ChartView.swift */ = {isa = PBXFileReference; lastKnownFileType = sourcecode.swift; path = ChartView.swift; sourceTree = "<group>"; };
		53886B862BC8E5E900E64790 /* LikeView.swift */ = {isa = PBXFileReference; lastKnownFileType = sourcecode.swift; path = LikeView.swift; sourceTree = "<group>"; };
		53886B882BC8EB2700E64790 /* LikedMarketView.swift */ = {isa = PBXFileReference; lastKnownFileType = sourcecode.swift; path = LikedMarketView.swift; sourceTree = "<group>"; };
		53886B8A2BC8F64100E64790 /* LikeViewModel.swift */ = {isa = PBXFileReference; lastKnownFileType = sourcecode.swift; path = LikeViewModel.swift; sourceTree = "<group>"; };
		53886B952BC9019C00E64790 /* LikedCoinModel.xcdatamodel */ = {isa = PBXFileReference; lastKnownFileType = wrapper.xcdatamodel; path = LikedCoinModel.xcdatamodel; sourceTree = "<group>"; };
		53886B9B2BC905A300E64790 /* CoreDataStack.swift */ = {isa = PBXFileReference; lastKnownFileType = sourcecode.swift; path = CoreDataStack.swift; sourceTree = "<group>"; };
		53F5D2BD2BCBDCAC002102D2 /* OrderbookView.swift */ = {isa = PBXFileReference; lastKnownFileType = sourcecode.swift; path = OrderbookView.swift; sourceTree = "<group>"; };
		53F5D2BF2BCCF81F002102D2 /* Orderbook.swift */ = {isa = PBXFileReference; lastKnownFileType = sourcecode.swift; path = Orderbook.swift; sourceTree = "<group>"; };
/* End PBXFileReference section */

/* Begin PBXFrameworksBuildPhase section */
		53886B382BC5028400E64790 /* Frameworks */ = {
			isa = PBXFrameworksBuildPhase;
			buildActionMask = 2147483647;
			files = (
				53612AAB2BCD0F0000299209 /* Kingfisher in Frameworks */,
			);
			runOnlyForDeploymentPostprocessing = 0;
		};
/* End PBXFrameworksBuildPhase section */

/* Begin PBXGroup section */
		53886B322BC5028400E64790 = {
			isa = PBXGroup;
			children = (
				53886B9B2BC905A300E64790 /* CoreDataStack.swift */,
				53886B3D2BC5028400E64790 /* OneCoin */,
				53886B3C2BC5028400E64790 /* Products */,
			);
			sourceTree = "<group>";
		};
		53886B3C2BC5028400E64790 /* Products */ = {
			isa = PBXGroup;
			children = (
				53886B3B2BC5028400E64790 /* OneCoin.app */,
			);
			name = Products;
			sourceTree = "<group>";
		};
		53886B3D2BC5028400E64790 /* OneCoin */ = {
			isa = PBXGroup;
			children = (
				53886B3E2BC5028400E64790 /* OneCoinApp.swift */,
				53886B5A2BC5056500E64790 /* Presenter */,
				53886B4C2BC5035600E64790 /* Network */,
				53886B422BC5028600E64790 /* Assets.xcassets */,
				53886B802BC7B86B00E64790 /* Data */,
				53886B742BC548CE00E64790 /* Utill */,
				53886B442BC5028600E64790 /* Preview Content */,
			);
			path = OneCoin;
			sourceTree = "<group>";
		};
		53886B442BC5028600E64790 /* Preview Content */ = {
			isa = PBXGroup;
			children = (
				53886B452BC5028600E64790 /* Preview Assets.xcassets */,
			);
			path = "Preview Content";
			sourceTree = "<group>";
		};
		53886B4C2BC5035600E64790 /* Network */ = {
			isa = PBXGroup;
			children = (
				53886B4D2BC5036500E64790 /* Model */,
				53886B542BC5049B00E64790 /* UpbitAPIManager.swift */,
				53886B562BC5051000E64790 /* UpbitWebSocketManager.swift */,
			);
			path = Network;
			sourceTree = "<group>";
		};
		53886B4D2BC5036500E64790 /* Model */ = {
			isa = PBXGroup;
			children = (
				53886B4E2BC5037F00E64790 /* Market.swift */,
				53886B522BC5047F00E64790 /* Ticker.swift */,
				53886B582BC5052A00E64790 /* MarketTicker.swift */,
				53886B722BC536E900E64790 /* Candle.swift */,
				53F5D2BF2BCCF81F002102D2 /* Orderbook.swift */,
			);
			path = Model;
			sourceTree = "<group>";
		};
		53886B5A2BC5056500E64790 /* Presenter */ = {
			isa = PBXGroup;
			children = (
				53886B5D2BC5058000E64790 /* Market */,
				53886B852BC8E5C500E64790 /* Like */,
				53886B5B2BC5057800E64790 /* MainTabView.swift */,
			);
			path = Presenter;
			sourceTree = "<group>";
		};
		53886B5D2BC5058000E64790 /* Market */ = {
			isa = PBXGroup;
			children = (
				53886B672BC5062000E64790 /* Detail */,
				53886B5E2BC5059700E64790 /* MarketView.swift */,
				53886B602BC505AB00E64790 /* MarketRow.swift */,
				53886B652BC505F300E64790 /* MarketViewModel.swift */,
			);
			path = Market;
			sourceTree = "<group>";
		};
		53886B672BC5062000E64790 /* Detail */ = {
			isa = PBXGroup;
			children = (
				53886B682BC5063200E64790 /* MarketDetailView.swift */,
				53886B702BC5314D00E64790 /* MarketDetailViewModel.swift */,
				53886B832BC8B9BA00E64790 /* ChartView.swift */,
				53F5D2BD2BCBDCAC002102D2 /* OrderbookView.swift */,
			);
			path = Detail;
			sourceTree = "<group>";
		};
		53886B742BC548CE00E64790 /* Utill */ = {
			isa = PBXGroup;
			children = (
				53886B7B2BC7A8EA00E64790 /* Extension */,
			);
			path = Utill;
			sourceTree = "<group>";
		};
		53886B7B2BC7A8EA00E64790 /* Extension */ = {
			isa = PBXGroup;
			children = (
				53886B752BC5490000E64790 /* String + DateFormatter.swift */,
				53886B772BC65B2900E64790 /* Double + PriceFormatter.swift */,
				53886B792BC67ED300E64790 /* String + FontColor.swift */,
			);
			path = Extension;
			sourceTree = "<group>";
		};
		53886B802BC7B86B00E64790 /* Data */ = {
			isa = PBXGroup;
			children = (
				53886B942BC9019C00E64790 /* LikedCoinModel.xcdatamodeld */,
			);
			path = Data;
			sourceTree = "<group>";
		};
		53886B852BC8E5C500E64790 /* Like */ = {
			isa = PBXGroup;
			children = (
				53886B862BC8E5E900E64790 /* LikeView.swift */,
				53886B8A2BC8F64100E64790 /* LikeViewModel.swift */,
				53886B882BC8EB2700E64790 /* LikedMarketView.swift */,
			);
			path = Like;
			sourceTree = "<group>";
		};
/* End PBXGroup section */

/* Begin PBXNativeTarget section */
		53886B3A2BC5028400E64790 /* OneCoin */ = {
			isa = PBXNativeTarget;
			buildConfigurationList = 53886B492BC5028600E64790 /* Build configuration list for PBXNativeTarget "OneCoin" */;
			buildPhases = (
				53886B372BC5028400E64790 /* Sources */,
				53886B382BC5028400E64790 /* Frameworks */,
				53886B392BC5028400E64790 /* Resources */,
			);
			buildRules = (
			);
			dependencies = (
			);
			name = OneCoin;
			packageProductDependencies = (
				53612AAA2BCD0F0000299209 /* Kingfisher */,
			);
			productName = OneCoin;
			productReference = 53886B3B2BC5028400E64790 /* OneCoin.app */;
			productType = "com.apple.product-type.application";
		};
/* End PBXNativeTarget section */

/* Begin PBXProject section */
		53886B332BC5028400E64790 /* Project object */ = {
			isa = PBXProject;
			attributes = {
				BuildIndependentTargetsInParallel = 1;
				LastSwiftUpdateCheck = 1530;
				LastUpgradeCheck = 1530;
				TargetAttributes = {
					53886B3A2BC5028400E64790 = {
						CreatedOnToolsVersion = 15.3;
					};
				};
			};
			buildConfigurationList = 53886B362BC5028400E64790 /* Build configuration list for PBXProject "OneCoin" */;
			compatibilityVersion = "Xcode 14.0";
			developmentRegion = en;
			hasScannedForEncodings = 0;
			knownRegions = (
				en,
				Base,
			);
			mainGroup = 53886B322BC5028400E64790;
			packageReferences = (
				53612AA92BCD0F0000299209 /* XCRemoteSwiftPackageReference "Kingfisher" */,
			);
			productRefGroup = 53886B3C2BC5028400E64790 /* Products */;
			projectDirPath = "";
			projectRoot = "";
			targets = (
				53886B3A2BC5028400E64790 /* OneCoin */,
			);
		};
/* End PBXProject section */

/* Begin PBXResourcesBuildPhase section */
		53886B392BC5028400E64790 /* Resources */ = {
			isa = PBXResourcesBuildPhase;
			buildActionMask = 2147483647;
			files = (
				53886B462BC5028600E64790 /* Preview Assets.xcassets in Resources */,
				53886B432BC5028600E64790 /* Assets.xcassets in Resources */,
			);
			runOnlyForDeploymentPostprocessing = 0;
		};
/* End PBXResourcesBuildPhase section */

/* Begin PBXSourcesBuildPhase section */
		53886B372BC5028400E64790 /* Sources */ = {
			isa = PBXSourcesBuildPhase;
			buildActionMask = 2147483647;
			files = (
				53886B872BC8E5E900E64790 /* LikeView.swift in Sources */,
				53886B612BC505AB00E64790 /* MarketRow.swift in Sources */,
				53886B712BC5314D00E64790 /* MarketDetailViewModel.swift in Sources */,
				53886B592BC5052A00E64790 /* MarketTicker.swift in Sources */,
				53886B552BC5049B00E64790 /* UpbitAPIManager.swift in Sources */,
				53886B842BC8B9BA00E64790 /* ChartView.swift in Sources */,
				53886B5F2BC5059700E64790 /* MarketView.swift in Sources */,
				53886B892BC8EB2700E64790 /* LikedMarketView.swift in Sources */,
				53F5D2BE2BCBDCAC002102D2 /* OrderbookView.swift in Sources */,
				53886B5C2BC5057800E64790 /* MainTabView.swift in Sources */,
				53886B572BC5051000E64790 /* UpbitWebSocketManager.swift in Sources */,
				53886B762BC5490000E64790 /* String + DateFormatter.swift in Sources */,
				53886B732BC536E900E64790 /* Candle.swift in Sources */,
				53F5D2C02BCCF81F002102D2 /* Orderbook.swift in Sources */,
				53886B692BC5063200E64790 /* MarketDetailView.swift in Sources */,
				53886B8B2BC8F64100E64790 /* LikeViewModel.swift in Sources */,
				53886B9C2BC905A300E64790 /* CoreDataStack.swift in Sources */,
				53886B532BC5047F00E64790 /* Ticker.swift in Sources */,
				53886B962BC9019C00E64790 /* LikedCoinModel.xcdatamodeld in Sources */,
				53886B7A2BC67ED300E64790 /* String + FontColor.swift in Sources */,
				53886B3F2BC5028400E64790 /* OneCoinApp.swift in Sources */,
				53886B782BC65B2900E64790 /* Double + PriceFormatter.swift in Sources */,
				53886B662BC505F300E64790 /* MarketViewModel.swift in Sources */,
				53886B4F2BC5037F00E64790 /* Market.swift in Sources */,
			);
			runOnlyForDeploymentPostprocessing = 0;
		};
/* End PBXSourcesBuildPhase section */

/* Begin XCBuildConfiguration section */
		53886B472BC5028600E64790 /* Debug */ = {
			isa = XCBuildConfiguration;
			buildSettings = {
				ALWAYS_SEARCH_USER_PATHS = NO;
				ASSETCATALOG_COMPILER_GENERATE_SWIFT_ASSET_SYMBOL_EXTENSIONS = YES;
				CLANG_ANALYZER_NONNULL = YES;
				CLANG_ANALYZER_NUMBER_OBJECT_CONVERSION = YES_AGGRESSIVE;
				CLANG_CXX_LANGUAGE_STANDARD = "gnu++20";
				CLANG_ENABLE_MODULES = YES;
				CLANG_ENABLE_OBJC_ARC = YES;
				CLANG_ENABLE_OBJC_WEAK = YES;
				CLANG_WARN_BLOCK_CAPTURE_AUTORELEASING = YES;
				CLANG_WARN_BOOL_CONVERSION = YES;
				CLANG_WARN_COMMA = YES;
				CLANG_WARN_CONSTANT_CONVERSION = YES;
				CLANG_WARN_DEPRECATED_OBJC_IMPLEMENTATIONS = YES;
				CLANG_WARN_DIRECT_OBJC_ISA_USAGE = YES_ERROR;
				CLANG_WARN_DOCUMENTATION_COMMENTS = YES;
				CLANG_WARN_EMPTY_BODY = YES;
				CLANG_WARN_ENUM_CONVERSION = YES;
				CLANG_WARN_INFINITE_RECURSION = YES;
				CLANG_WARN_INT_CONVERSION = YES;
				CLANG_WARN_NON_LITERAL_NULL_CONVERSION = YES;
				CLANG_WARN_OBJC_IMPLICIT_RETAIN_SELF = YES;
				CLANG_WARN_OBJC_LITERAL_CONVERSION = YES;
				CLANG_WARN_OBJC_ROOT_CLASS = YES_ERROR;
				CLANG_WARN_QUOTED_INCLUDE_IN_FRAMEWORK_HEADER = YES;
				CLANG_WARN_RANGE_LOOP_ANALYSIS = YES;
				CLANG_WARN_STRICT_PROTOTYPES = YES;
				CLANG_WARN_SUSPICIOUS_MOVE = YES;
				CLANG_WARN_UNGUARDED_AVAILABILITY = YES_AGGRESSIVE;
				CLANG_WARN_UNREACHABLE_CODE = YES;
				CLANG_WARN__DUPLICATE_METHOD_MATCH = YES;
				COPY_PHASE_STRIP = NO;
				DEBUG_INFORMATION_FORMAT = dwarf;
				ENABLE_STRICT_OBJC_MSGSEND = YES;
				ENABLE_TESTABILITY = YES;
				ENABLE_USER_SCRIPT_SANDBOXING = YES;
				GCC_C_LANGUAGE_STANDARD = gnu17;
				GCC_DYNAMIC_NO_PIC = NO;
				GCC_NO_COMMON_BLOCKS = YES;
				GCC_OPTIMIZATION_LEVEL = 0;
				GCC_PREPROCESSOR_DEFINITIONS = (
					"DEBUG=1",
					"$(inherited)",
				);
				GCC_WARN_64_TO_32_BIT_CONVERSION = YES;
				GCC_WARN_ABOUT_RETURN_TYPE = YES_ERROR;
				GCC_WARN_UNDECLARED_SELECTOR = YES;
				GCC_WARN_UNINITIALIZED_AUTOS = YES_AGGRESSIVE;
				GCC_WARN_UNUSED_FUNCTION = YES;
				GCC_WARN_UNUSED_VARIABLE = YES;
				IPHONEOS_DEPLOYMENT_TARGET = 16.0;
				LOCALIZATION_PREFERS_STRING_CATALOGS = YES;
				MTL_ENABLE_DEBUG_INFO = INCLUDE_SOURCE;
				MTL_FAST_MATH = YES;
				ONLY_ACTIVE_ARCH = YES;
				SDKROOT = iphoneos;
				SWIFT_ACTIVE_COMPILATION_CONDITIONS = "DEBUG $(inherited)";
				SWIFT_OPTIMIZATION_LEVEL = "-Onone";
			};
			name = Debug;
		};
		53886B482BC5028600E64790 /* Release */ = {
			isa = XCBuildConfiguration;
			buildSettings = {
				ALWAYS_SEARCH_USER_PATHS = NO;
				ASSETCATALOG_COMPILER_GENERATE_SWIFT_ASSET_SYMBOL_EXTENSIONS = YES;
				CLANG_ANALYZER_NONNULL = YES;
				CLANG_ANALYZER_NUMBER_OBJECT_CONVERSION = YES_AGGRESSIVE;
				CLANG_CXX_LANGUAGE_STANDARD = "gnu++20";
				CLANG_ENABLE_MODULES = YES;
				CLANG_ENABLE_OBJC_ARC = YES;
				CLANG_ENABLE_OBJC_WEAK = YES;
				CLANG_WARN_BLOCK_CAPTURE_AUTORELEASING = YES;
				CLANG_WARN_BOOL_CONVERSION = YES;
				CLANG_WARN_COMMA = YES;
				CLANG_WARN_CONSTANT_CONVERSION = YES;
				CLANG_WARN_DEPRECATED_OBJC_IMPLEMENTATIONS = YES;
				CLANG_WARN_DIRECT_OBJC_ISA_USAGE = YES_ERROR;
				CLANG_WARN_DOCUMENTATION_COMMENTS = YES;
				CLANG_WARN_EMPTY_BODY = YES;
				CLANG_WARN_ENUM_CONVERSION = YES;
				CLANG_WARN_INFINITE_RECURSION = YES;
				CLANG_WARN_INT_CONVERSION = YES;
				CLANG_WARN_NON_LITERAL_NULL_CONVERSION = YES;
				CLANG_WARN_OBJC_IMPLICIT_RETAIN_SELF = YES;
				CLANG_WARN_OBJC_LITERAL_CONVERSION = YES;
				CLANG_WARN_OBJC_ROOT_CLASS = YES_ERROR;
				CLANG_WARN_QUOTED_INCLUDE_IN_FRAMEWORK_HEADER = YES;
				CLANG_WARN_RANGE_LOOP_ANALYSIS = YES;
				CLANG_WARN_STRICT_PROTOTYPES = YES;
				CLANG_WARN_SUSPICIOUS_MOVE = YES;
				CLANG_WARN_UNGUARDED_AVAILABILITY = YES_AGGRESSIVE;
				CLANG_WARN_UNREACHABLE_CODE = YES;
				CLANG_WARN__DUPLICATE_METHOD_MATCH = YES;
				COPY_PHASE_STRIP = NO;
				DEBUG_INFORMATION_FORMAT = "dwarf-with-dsym";
				ENABLE_NS_ASSERTIONS = NO;
				ENABLE_STRICT_OBJC_MSGSEND = YES;
				ENABLE_USER_SCRIPT_SANDBOXING = YES;
				GCC_C_LANGUAGE_STANDARD = gnu17;
				GCC_NO_COMMON_BLOCKS = YES;
				GCC_WARN_64_TO_32_BIT_CONVERSION = YES;
				GCC_WARN_ABOUT_RETURN_TYPE = YES_ERROR;
				GCC_WARN_UNDECLARED_SELECTOR = YES;
				GCC_WARN_UNINITIALIZED_AUTOS = YES_AGGRESSIVE;
				GCC_WARN_UNUSED_FUNCTION = YES;
				GCC_WARN_UNUSED_VARIABLE = YES;
				IPHONEOS_DEPLOYMENT_TARGET = 16.0;
				LOCALIZATION_PREFERS_STRING_CATALOGS = YES;
				MTL_ENABLE_DEBUG_INFO = NO;
				MTL_FAST_MATH = YES;
				SDKROOT = iphoneos;
				SWIFT_COMPILATION_MODE = wholemodule;
				VALIDATE_PRODUCT = YES;
			};
			name = Release;
		};
		53886B4A2BC5028600E64790 /* Debug */ = {
			isa = XCBuildConfiguration;
			buildSettings = {
				ASSETCATALOG_COMPILER_APPICON_NAME = AppIcon;
				ASSETCATALOG_COMPILER_GLOBAL_ACCENT_COLOR_NAME = AccentColor;
				CODE_SIGN_STYLE = Automatic;
				CURRENT_PROJECT_VERSION = 1;
				DEVELOPMENT_ASSET_PATHS = "\"OneCoin/Preview Content\"";
				DEVELOPMENT_TEAM = KLYH4UN5ZC;
				ENABLE_PREVIEWS = YES;
				GENERATE_INFOPLIST_FILE = YES;
				INFOPLIST_KEY_UIApplicationSceneManifest_Generation = YES;
				INFOPLIST_KEY_UIApplicationSupportsIndirectInputEvents = YES;
				INFOPLIST_KEY_UILaunchScreen_Generation = YES;
				INFOPLIST_KEY_UISupportedInterfaceOrientations = UIInterfaceOrientationPortrait;
				INFOPLIST_KEY_UISupportedInterfaceOrientations_iPad = "UIInterfaceOrientationLandscapeLeft UIInterfaceOrientationLandscapeRight UIInterfaceOrientationPortrait UIInterfaceOrientationPortraitUpsideDown";
				IPHONEOS_DEPLOYMENT_TARGET = 16.0;
				LD_RUNPATH_SEARCH_PATHS = (
					"$(inherited)",
					"@executable_path/Frameworks",
				);
				MARKETING_VERSION = 1.0;
				PRODUCT_BUNDLE_IDENTIFIER = com.dahye.OneCoin;
				PRODUCT_NAME = "$(TARGET_NAME)";
				SUPPORTED_PLATFORMS = "iphoneos iphonesimulator";
				SUPPORTS_MACCATALYST = NO;
				SUPPORTS_MAC_DESIGNED_FOR_IPHONE_IPAD = NO;
				SUPPORTS_XR_DESIGNED_FOR_IPHONE_IPAD = NO;
				SWIFT_EMIT_LOC_STRINGS = YES;
				SWIFT_VERSION = 5.0;
				TARGETED_DEVICE_FAMILY = 1;
			};
			name = Debug;
		};
		53886B4B2BC5028600E64790 /* Release */ = {
			isa = XCBuildConfiguration;
			buildSettings = {
				ASSETCATALOG_COMPILER_APPICON_NAME = AppIcon;
				ASSETCATALOG_COMPILER_GLOBAL_ACCENT_COLOR_NAME = AccentColor;
				CODE_SIGN_STYLE = Automatic;
				CURRENT_PROJECT_VERSION = 1;
				DEVELOPMENT_ASSET_PATHS = "\"OneCoin/Preview Content\"";
				DEVELOPMENT_TEAM = KLYH4UN5ZC;
				ENABLE_PREVIEWS = YES;
				GENERATE_INFOPLIST_FILE = YES;
				INFOPLIST_KEY_UIApplicationSceneManifest_Generation = YES;
				INFOPLIST_KEY_UIApplicationSupportsIndirectInputEvents = YES;
				INFOPLIST_KEY_UILaunchScreen_Generation = YES;
				INFOPLIST_KEY_UISupportedInterfaceOrientations = UIInterfaceOrientationPortrait;
				INFOPLIST_KEY_UISupportedInterfaceOrientations_iPad = "UIInterfaceOrientationLandscapeLeft UIInterfaceOrientationLandscapeRight UIInterfaceOrientationPortrait UIInterfaceOrientationPortraitUpsideDown";
				IPHONEOS_DEPLOYMENT_TARGET = 16.0;
				LD_RUNPATH_SEARCH_PATHS = (
					"$(inherited)",
					"@executable_path/Frameworks",
				);
				MARKETING_VERSION = 1.0;
				PRODUCT_BUNDLE_IDENTIFIER = com.dahye.OneCoin;
				PRODUCT_NAME = "$(TARGET_NAME)";
				SUPPORTED_PLATFORMS = "iphoneos iphonesimulator";
				SUPPORTS_MACCATALYST = NO;
				SUPPORTS_MAC_DESIGNED_FOR_IPHONE_IPAD = NO;
				SUPPORTS_XR_DESIGNED_FOR_IPHONE_IPAD = NO;
				SWIFT_EMIT_LOC_STRINGS = YES;
				SWIFT_VERSION = 5.0;
				TARGETED_DEVICE_FAMILY = 1;
			};
			name = Release;
		};
/* End XCBuildConfiguration section */

/* Begin XCConfigurationList section */
		53886B362BC5028400E64790 /* Build configuration list for PBXProject "OneCoin" */ = {
			isa = XCConfigurationList;
			buildConfigurations = (
				53886B472BC5028600E64790 /* Debug */,
				53886B482BC5028600E64790 /* Release */,
			);
			defaultConfigurationIsVisible = 0;
			defaultConfigurationName = Release;
		};
		53886B492BC5028600E64790 /* Build configuration list for PBXNativeTarget "OneCoin" */ = {
			isa = XCConfigurationList;
			buildConfigurations = (
				53886B4A2BC5028600E64790 /* Debug */,
				53886B4B2BC5028600E64790 /* Release */,
			);
			defaultConfigurationIsVisible = 0;
			defaultConfigurationName = Release;
		};
/* End XCConfigurationList section */

/* Begin XCRemoteSwiftPackageReference section */
		53612AA92BCD0F0000299209 /* XCRemoteSwiftPackageReference "Kingfisher" */ = {
			isa = XCRemoteSwiftPackageReference;
			repositoryURL = "https://github.com/onevcat/Kingfisher.git";
			requirement = {
				kind = upToNextMajorVersion;
				minimumVersion = 7.11.0;
			};
		};
/* End XCRemoteSwiftPackageReference section */

/* Begin XCSwiftPackageProductDependency section */
		53612AAA2BCD0F0000299209 /* Kingfisher */ = {
			isa = XCSwiftPackageProductDependency;
			package = 53612AA92BCD0F0000299209 /* XCRemoteSwiftPackageReference "Kingfisher" */;
			productName = Kingfisher;
		};
/* End XCSwiftPackageProductDependency section */

/* Begin XCVersionGroup section */
		53886B942BC9019C00E64790 /* LikedCoinModel.xcdatamodeld */ = {
			isa = XCVersionGroup;
			children = (
				53886B952BC9019C00E64790 /* LikedCoinModel.xcdatamodel */,
			);
			currentVersion = 53886B952BC9019C00E64790 /* LikedCoinModel.xcdatamodel */;
			path = LikedCoinModel.xcdatamodeld;
			sourceTree = "<group>";
			versionGroupType = wrapper.xcdatamodel;
		};
/* End XCVersionGroup section */
	};
	rootObject = 53886B332BC5028400E64790 /* Project object */;
}
